// !$*UTF8*$!
{
	archiveVersion = 1;
	classes = {
	};
	objectVersion = 55;
	objects = {

/* Begin PBXBuildFile section */
		95C4538627C51787005441DD /* Edvora_iOS_First_RoundApp.swift in Sources */ = {isa = PBXBuildFile; fileRef = 95C4538527C51787005441DD /* Edvora_iOS_First_RoundApp.swift */; };
		95C4538A27C51788005441DD /* Assets.xcassets in Resources */ = {isa = PBXBuildFile; fileRef = 95C4538927C51788005441DD /* Assets.xcassets */; };
		95C4538D27C51788005441DD /* Preview Assets.xcassets in Resources */ = {isa = PBXBuildFile; fileRef = 95C4538C27C51788005441DD /* Preview Assets.xcassets */; };
		95C4539C27C51B14005441DD /* FontExtension.swift in Sources */ = {isa = PBXBuildFile; fileRef = 95C4539B27C51B14005441DD /* FontExtension.swift */; };
		95C453A327C51DC9005441DD /* StationHomeView.swift in Sources */ = {isa = PBXBuildFile; fileRef = 95C453A227C51DC9005441DD /* StationHomeView.swift */; };
		95C453A527C51DE4005441DD /* User.swift in Sources */ = {isa = PBXBuildFile; fileRef = 95C453A427C51DE4005441DD /* User.swift */; };
		95C453AD27C552EE005441DD /* NetworkManager.swift in Sources */ = {isa = PBXBuildFile; fileRef = 95C453AC27C552EE005441DD /* NetworkManager.swift */; };
		95C453AF27C57BEB005441DD /* UserDataService.swift in Sources */ = {isa = PBXBuildFile; fileRef = 95C453AE27C57BEB005441DD /* UserDataService.swift */; };
		95C453B127C580D5005441DD /* UserImageService.swift in Sources */ = {isa = PBXBuildFile; fileRef = 95C453B027C580D4005441DD /* UserImageService.swift */; };
		95C453B527C58303005441DD /* UserImageViewModel.swift in Sources */ = {isa = PBXBuildFile; fileRef = 95C453B427C58303005441DD /* UserImageViewModel.swift */; };
		95C453BA27C5850C005441DD /* StationHomeViewModel.swift in Sources */ = {isa = PBXBuildFile; fileRef = 95C453B927C5850C005441DD /* StationHomeViewModel.swift */; };
		95C453BC27C588A9005441DD /* Ride.swift in Sources */ = {isa = PBXBuildFile; fileRef = 95C453BB27C588A9005441DD /* Ride.swift */; };
		95C453BE27C5890F005441DD /* RideDataService.swift in Sources */ = {isa = PBXBuildFile; fileRef = 95C453BD27C5890F005441DD /* RideDataService.swift */; };
		95C453C427C58C72005441DD /* UserProfileViewModel.swift in Sources */ = {isa = PBXBuildFile; fileRef = 95C453C327C58C72005441DD /* UserProfileViewModel.swift */; };
		95C453C627C58CD0005441DD /* UserImageView.swift in Sources */ = {isa = PBXBuildFile; fileRef = 95C453C527C58CD0005441DD /* UserImageView.swift */; };
		95C453C827C65E56005441DD /* UserProfileTitleView.swift in Sources */ = {isa = PBXBuildFile; fileRef = 95C453C727C65E56005441DD /* UserProfileTitleView.swift */; };
		95C453CD27C66088005441DD /* FilterTabView.swift in Sources */ = {isa = PBXBuildFile; fileRef = 95C453CC27C66088005441DD /* FilterTabView.swift */; };
		95C453CF27C660AC005441DD /* FilterTabItem.swift in Sources */ = {isa = PBXBuildFile; fileRef = 95C453CE27C660AC005441DD /* FilterTabItem.swift */; };
		95C453D127C6610A005441DD /* Tabs.swift in Sources */ = {isa = PBXBuildFile; fileRef = 95C453D027C6610A005441DD /* Tabs.swift */; };
		95C453D327C66725005441DD /* Inter-Regular.ttf in Resources */ = {isa = PBXBuildFile; fileRef = 95C453D227C66725005441DD /* Inter-Regular.ttf */; };
		95C453D527C6672B005441DD /* Inter-Bold.ttf in Resources */ = {isa = PBXBuildFile; fileRef = 95C453D427C6672B005441DD /* Inter-Bold.ttf */; };
		95C453D727C669C6005441DD /* ColorExtension.swift in Sources */ = {isa = PBXBuildFile; fileRef = 95C453D627C669C6005441DD /* ColorExtension.swift */; };
/* End PBXBuildFile section */

/* Begin PBXFileReference section */
		95C4538227C51787005441DD /* Edvora-iOS-First-Round.app */ = {isa = PBXFileReference; explicitFileType = wrapper.application; includeInIndex = 0; path = "Edvora-iOS-First-Round.app"; sourceTree = BUILT_PRODUCTS_DIR; };
		95C4538527C51787005441DD /* Edvora_iOS_First_RoundApp.swift */ = {isa = PBXFileReference; lastKnownFileType = sourcecode.swift; path = Edvora_iOS_First_RoundApp.swift; sourceTree = "<group>"; };
		95C4538927C51788005441DD /* Assets.xcassets */ = {isa = PBXFileReference; lastKnownFileType = folder.assetcatalog; path = Assets.xcassets; sourceTree = "<group>"; };
		95C4538C27C51788005441DD /* Preview Assets.xcassets */ = {isa = PBXFileReference; lastKnownFileType = folder.assetcatalog; path = "Preview Assets.xcassets"; sourceTree = "<group>"; };
		95C4539727C51939005441DD /* Info.plist */ = {isa = PBXFileReference; lastKnownFileType = text.plist; path = Info.plist; sourceTree = "<group>"; };
		95C4539B27C51B14005441DD /* FontExtension.swift */ = {isa = PBXFileReference; lastKnownFileType = sourcecode.swift; path = FontExtension.swift; sourceTree = "<group>"; };
		95C453A227C51DC9005441DD /* StationHomeView.swift */ = {isa = PBXFileReference; lastKnownFileType = sourcecode.swift; path = StationHomeView.swift; sourceTree = "<group>"; };
		95C453A427C51DE4005441DD /* User.swift */ = {isa = PBXFileReference; lastKnownFileType = sourcecode.swift; path = User.swift; sourceTree = "<group>"; };
		95C453AC27C552EE005441DD /* NetworkManager.swift */ = {isa = PBXFileReference; lastKnownFileType = sourcecode.swift; path = NetworkManager.swift; sourceTree = "<group>"; };
		95C453AE27C57BEB005441DD /* UserDataService.swift */ = {isa = PBXFileReference; lastKnownFileType = sourcecode.swift; path = UserDataService.swift; sourceTree = "<group>"; };
		95C453B027C580D4005441DD /* UserImageService.swift */ = {isa = PBXFileReference; lastKnownFileType = sourcecode.swift; path = UserImageService.swift; sourceTree = "<group>"; };
		95C453B427C58303005441DD /* UserImageViewModel.swift */ = {isa = PBXFileReference; lastKnownFileType = sourcecode.swift; path = UserImageViewModel.swift; sourceTree = "<group>"; };
		95C453B927C5850C005441DD /* StationHomeViewModel.swift */ = {isa = PBXFileReference; lastKnownFileType = sourcecode.swift; path = StationHomeViewModel.swift; sourceTree = "<group>"; };
		95C453BB27C588A9005441DD /* Ride.swift */ = {isa = PBXFileReference; lastKnownFileType = sourcecode.swift; path = Ride.swift; sourceTree = "<group>"; };
		95C453BD27C5890F005441DD /* RideDataService.swift */ = {isa = PBXFileReference; lastKnownFileType = sourcecode.swift; path = RideDataService.swift; sourceTree = "<group>"; };
		95C453C327C58C72005441DD /* UserProfileViewModel.swift */ = {isa = PBXFileReference; lastKnownFileType = sourcecode.swift; path = UserProfileViewModel.swift; sourceTree = "<group>"; };
		95C453C527C58CD0005441DD /* UserImageView.swift */ = {isa = PBXFileReference; lastKnownFileType = sourcecode.swift; path = UserImageView.swift; sourceTree = "<group>"; };
		95C453C727C65E56005441DD /* UserProfileTitleView.swift */ = {isa = PBXFileReference; lastKnownFileType = sourcecode.swift; path = UserProfileTitleView.swift; sourceTree = "<group>"; };
		95C453CC27C66088005441DD /* FilterTabView.swift */ = {isa = PBXFileReference; lastKnownFileType = sourcecode.swift; path = FilterTabView.swift; sourceTree = "<group>"; };
		95C453CE27C660AC005441DD /* FilterTabItem.swift */ = {isa = PBXFileReference; lastKnownFileType = sourcecode.swift; path = FilterTabItem.swift; sourceTree = "<group>"; };
		95C453D027C6610A005441DD /* Tabs.swift */ = {isa = PBXFileReference; lastKnownFileType = sourcecode.swift; path = Tabs.swift; sourceTree = "<group>"; };
		95C453D227C66725005441DD /* Inter-Regular.ttf */ = {isa = PBXFileReference; lastKnownFileType = file; path = "Inter-Regular.ttf"; sourceTree = "<group>"; };
		95C453D427C6672B005441DD /* Inter-Bold.ttf */ = {isa = PBXFileReference; lastKnownFileType = file; path = "Inter-Bold.ttf"; sourceTree = "<group>"; };
		95C453D627C669C6005441DD /* ColorExtension.swift */ = {isa = PBXFileReference; lastKnownFileType = sourcecode.swift; path = ColorExtension.swift; sourceTree = "<group>"; };
/* End PBXFileReference section */

/* Begin PBXFrameworksBuildPhase section */
		95C4537F27C51787005441DD /* Frameworks */ = {
			isa = PBXFrameworksBuildPhase;
			buildActionMask = 2147483647;
			files = (
			);
			runOnlyForDeploymentPostprocessing = 0;
		};
/* End PBXFrameworksBuildPhase section */

/* Begin PBXGroup section */
		95C4537927C51787005441DD = {
			isa = PBXGroup;
			children = (
				95C4538427C51787005441DD /* Edvora-iOS-First-Round */,
				95C4538327C51787005441DD /* Products */,
			);
			sourceTree = "<group>";
		};
		95C4538327C51787005441DD /* Products */ = {
			isa = PBXGroup;
			children = (
				95C4538227C51787005441DD /* Edvora-iOS-First-Round.app */,
			);
			name = Products;
			sourceTree = "<group>";
		};
		95C4538427C51787005441DD /* Edvora-iOS-First-Round */ = {
			isa = PBXGroup;
			children = (
				95C4538527C51787005441DD /* Edvora_iOS_First_RoundApp.swift */,
				95C453AB27C552E2005441DD /* Utilities */,
				95C4539827C51AEC005441DD /* Extensions */,
				95C453A027C51D72005441DD /* Services */,
				95C4539F27C51D6C005441DD /* Models */,
				95C4539527C5186F005441DD /* Resources */,
				95C453A127C51D8F005441DD /* Core */,
				95C4538927C51788005441DD /* Assets.xcassets */,
				95C4539727C51939005441DD /* Info.plist */,
				95C4538B27C51788005441DD /* Preview Content */,
			);
			path = "Edvora-iOS-First-Round";
			sourceTree = "<group>";
		};
		95C4538B27C51788005441DD /* Preview Content */ = {
			isa = PBXGroup;
			children = (
				95C4538C27C51788005441DD /* Preview Assets.xcassets */,
			);
			path = "Preview Content";
			sourceTree = "<group>";
		};
		95C4539527C5186F005441DD /* Resources */ = {
			isa = PBXGroup;
			children = (
				95C4539627C51879005441DD /* Fonts */,
			);
			path = Resources;
			sourceTree = "<group>";
		};
		95C4539627C51879005441DD /* Fonts */ = {
			isa = PBXGroup;
			children = (
				95C453D227C66725005441DD /* Inter-Regular.ttf */,
				95C453D427C6672B005441DD /* Inter-Bold.ttf */,
			);
			path = Fonts;
			sourceTree = "<group>";
		};
		95C4539827C51AEC005441DD /* Extensions */ = {
			isa = PBXGroup;
			children = (
				95C4539B27C51B14005441DD /* FontExtension.swift */,
				95C453D627C669C6005441DD /* ColorExtension.swift */,
			);
			path = Extensions;
			sourceTree = "<group>";
		};
		95C4539D27C51D5F005441DD /* Views */ = {
			isa = PBXGroup;
			children = (
				95C453A227C51DC9005441DD /* StationHomeView.swift */,
			);
			path = Views;
			sourceTree = "<group>";
		};
		95C4539E27C51D66005441DD /* ViewModels */ = {
			isa = PBXGroup;
			children = (
				95C453B927C5850C005441DD /* StationHomeViewModel.swift */,
			);
			path = ViewModels;
			sourceTree = "<group>";
		};
		95C4539F27C51D6C005441DD /* Models */ = {
			isa = PBXGroup;
			children = (
				95C453A427C51DE4005441DD /* User.swift */,
				95C453BB27C588A9005441DD /* Ride.swift */,
				95C453D027C6610A005441DD /* Tabs.swift */,
			);
			path = Models;
			sourceTree = "<group>";
		};
		95C453A027C51D72005441DD /* Services */ = {
			isa = PBXGroup;
			children = (
				95C453AE27C57BEB005441DD /* UserDataService.swift */,
				95C453B027C580D4005441DD /* UserImageService.swift */,
				95C453BD27C5890F005441DD /* RideDataService.swift */,
			);
			path = Services;
			sourceTree = "<group>";
		};
		95C453A127C51D8F005441DD /* Core */ = {
			isa = PBXGroup;
			children = (
				95C453B627C5840B005441DD /* Components */,
				95C453B827C58426005441DD /* Home */,
			);
			path = Core;
			sourceTree = "<group>";
		};
		95C453AB27C552E2005441DD /* Utilities */ = {
			isa = PBXGroup;
			children = (
				95C453AC27C552EE005441DD /* NetworkManager.swift */,
			);
			path = Utilities;
			sourceTree = "<group>";
		};
		95C453B627C5840B005441DD /* Components */ = {
			isa = PBXGroup;
			children = (
				95C453CB27C66051005441DD /* FilterTabGroup */,
				95C453C127C58C5A005441DD /* UserProfile */,
			);
			path = Components;
			sourceTree = "<group>";
		};
		95C453B727C58416005441DD /* UserImage */ = {
			isa = PBXGroup;
			children = (
				95C453B427C58303005441DD /* UserImageViewModel.swift */,
				95C453C527C58CD0005441DD /* UserImageView.swift */,
			);
			path = UserImage;
			sourceTree = "<group>";
		};
		95C453B827C58426005441DD /* Home */ = {
			isa = PBXGroup;
			children = (
				95C4539E27C51D66005441DD /* ViewModels */,
				95C4539D27C51D5F005441DD /* Views */,
			);
			path = Home;
			sourceTree = "<group>";
		};
		95C453C127C58C5A005441DD /* UserProfile */ = {
			isa = PBXGroup;
			children = (
				95C453B727C58416005441DD /* UserImage */,
				95C453C327C58C72005441DD /* UserProfileViewModel.swift */,
				95C453C727C65E56005441DD /* UserProfileTitleView.swift */,
			);
			path = UserProfile;
			sourceTree = "<group>";
		};
		95C453CB27C66051005441DD /* FilterTabGroup */ = {
			isa = PBXGroup;
			children = (
				95C453CC27C66088005441DD /* FilterTabView.swift */,
				95C453CE27C660AC005441DD /* FilterTabItem.swift */,
			);
			path = FilterTabGroup;
			sourceTree = "<group>";
		};
/* End PBXGroup section */

/* Begin PBXNativeTarget section */
		95C4538127C51787005441DD /* Edvora-iOS-First-Round */ = {
			isa = PBXNativeTarget;
			buildConfigurationList = 95C4539027C51788005441DD /* Build configuration list for PBXNativeTarget "Edvora-iOS-First-Round" */;
			buildPhases = (
				95C4537E27C51787005441DD /* Sources */,
				95C4537F27C51787005441DD /* Frameworks */,
				95C4538027C51787005441DD /* Resources */,
			);
			buildRules = (
			);
			dependencies = (
			);
			name = "Edvora-iOS-First-Round";
			productName = "Edvora-iOS-First-Round";
			productReference = 95C4538227C51787005441DD /* Edvora-iOS-First-Round.app */;
			productType = "com.apple.product-type.application";
		};
/* End PBXNativeTarget section */

/* Begin PBXProject section */
		95C4537A27C51787005441DD /* Project object */ = {
			isa = PBXProject;
			attributes = {
				BuildIndependentTargetsInParallel = 1;
				LastSwiftUpdateCheck = 1320;
				LastUpgradeCheck = 1320;
				TargetAttributes = {
					95C4538127C51787005441DD = {
						CreatedOnToolsVersion = 13.2.1;
					};
				};
			};
			buildConfigurationList = 95C4537D27C51787005441DD /* Build configuration list for PBXProject "Edvora-iOS-First-Round" */;
			compatibilityVersion = "Xcode 13.0";
			developmentRegion = en;
			hasScannedForEncodings = 0;
			knownRegions = (
				en,
				Base,
			);
			mainGroup = 95C4537927C51787005441DD;
			productRefGroup = 95C4538327C51787005441DD /* Products */;
			projectDirPath = "";
			projectRoot = "";
			targets = (
				95C4538127C51787005441DD /* Edvora-iOS-First-Round */,
			);
		};
/* End PBXProject section */

/* Begin PBXResourcesBuildPhase section */
		95C4538027C51787005441DD /* Resources */ = {
			isa = PBXResourcesBuildPhase;
			buildActionMask = 2147483647;
			files = (
				95C4538D27C51788005441DD /* Preview Assets.xcassets in Resources */,
				95C453D327C66725005441DD /* Inter-Regular.ttf in Resources */,
				95C453D527C6672B005441DD /* Inter-Bold.ttf in Resources */,
				95C4538A27C51788005441DD /* Assets.xcassets in Resources */,
			);
			runOnlyForDeploymentPostprocessing = 0;
		};
/* End PBXResourcesBuildPhase section */

/* Begin PBXSourcesBuildPhase section */
		95C4537E27C51787005441DD /* Sources */ = {
			isa = PBXSourcesBuildPhase;
			buildActionMask = 2147483647;
			files = (
				95C453AD27C552EE005441DD /* NetworkManager.swift in Sources */,
				95C453A527C51DE4005441DD /* User.swift in Sources */,
				95C453D127C6610A005441DD /* Tabs.swift in Sources */,
				95C453D727C669C6005441DD /* ColorExtension.swift in Sources */,
				95C453C827C65E56005441DD /* UserProfileTitleView.swift in Sources */,
				95C453B127C580D5005441DD /* UserImageService.swift in Sources */,
				95C453CD27C66088005441DD /* FilterTabView.swift in Sources */,
				95C453BC27C588A9005441DD /* Ride.swift in Sources */,
				95C453AF27C57BEB005441DD /* UserDataService.swift in Sources */,
				95C453C427C58C72005441DD /* UserProfileViewModel.swift in Sources */,
				95C453BE27C5890F005441DD /* RideDataService.swift in Sources */,
				95C4539C27C51B14005441DD /* FontExtension.swift in Sources */,
				95C453CF27C660AC005441DD /* FilterTabItem.swift in Sources */,
				95C453A327C51DC9005441DD /* StationHomeView.swift in Sources */,
				95C453B527C58303005441DD /* UserImageViewModel.swift in Sources */,
				95C4538627C51787005441DD /* Edvora_iOS_First_RoundApp.swift in Sources */,
				95C453C627C58CD0005441DD /* UserImageView.swift in Sources */,
				95C453BA27C5850C005441DD /* StationHomeViewModel.swift in Sources */,
			);
			runOnlyForDeploymentPostprocessing = 0;
		};
/* End PBXSourcesBuildPhase section */

/* Begin XCBuildConfiguration section */
		95C4538E27C51788005441DD /* Debug */ = {
			isa = XCBuildConfiguration;
			buildSettings = {
				ALWAYS_SEARCH_USER_PATHS = NO;
				CLANG_ANALYZER_NONNULL = YES;
				CLANG_ANALYZER_NUMBER_OBJECT_CONVERSION = YES_AGGRESSIVE;
				CLANG_CXX_LANGUAGE_STANDARD = "gnu++17";
				CLANG_CXX_LIBRARY = "libc++";
				CLANG_ENABLE_MODULES = YES;
				CLANG_ENABLE_OBJC_ARC = YES;
				CLANG_ENABLE_OBJC_WEAK = YES;
				CLANG_WARN_BLOCK_CAPTURE_AUTORELEASING = YES;
				CLANG_WARN_BOOL_CONVERSION = YES;
				CLANG_WARN_COMMA = YES;
				CLANG_WARN_CONSTANT_CONVERSION = YES;
				CLANG_WARN_DEPRECATED_OBJC_IMPLEMENTATIONS = YES;
				CLANG_WARN_DIRECT_OBJC_ISA_USAGE = YES_ERROR;
				CLANG_WARN_DOCUMENTATION_COMMENTS = YES;
				CLANG_WARN_EMPTY_BODY = YES;
				CLANG_WARN_ENUM_CONVERSION = YES;
				CLANG_WARN_INFINITE_RECURSION = YES;
				CLANG_WARN_INT_CONVERSION = YES;
				CLANG_WARN_NON_LITERAL_NULL_CONVERSION = YES;
				CLANG_WARN_OBJC_IMPLICIT_RETAIN_SELF = YES;
				CLANG_WARN_OBJC_LITERAL_CONVERSION = YES;
				CLANG_WARN_OBJC_ROOT_CLASS = YES_ERROR;
				CLANG_WARN_QUOTED_INCLUDE_IN_FRAMEWORK_HEADER = YES;
				CLANG_WARN_RANGE_LOOP_ANALYSIS = YES;
				CLANG_WARN_STRICT_PROTOTYPES = YES;
				CLANG_WARN_SUSPICIOUS_MOVE = YES;
				CLANG_WARN_UNGUARDED_AVAILABILITY = YES_AGGRESSIVE;
				CLANG_WARN_UNREACHABLE_CODE = YES;
				CLANG_WARN__DUPLICATE_METHOD_MATCH = YES;
				COPY_PHASE_STRIP = NO;
				DEBUG_INFORMATION_FORMAT = dwarf;
				ENABLE_STRICT_OBJC_MSGSEND = YES;
				ENABLE_TESTABILITY = YES;
				GCC_C_LANGUAGE_STANDARD = gnu11;
				GCC_DYNAMIC_NO_PIC = NO;
				GCC_NO_COMMON_BLOCKS = YES;
				GCC_OPTIMIZATION_LEVEL = 0;
				GCC_PREPROCESSOR_DEFINITIONS = (
					"DEBUG=1",
					"$(inherited)",
				);
				GCC_WARN_64_TO_32_BIT_CONVERSION = YES;
				GCC_WARN_ABOUT_RETURN_TYPE = YES_ERROR;
				GCC_WARN_UNDECLARED_SELECTOR = YES;
				GCC_WARN_UNINITIALIZED_AUTOS = YES_AGGRESSIVE;
				GCC_WARN_UNUSED_FUNCTION = YES;
				GCC_WARN_UNUSED_VARIABLE = YES;
				IPHONEOS_DEPLOYMENT_TARGET = 15.2;
				MTL_ENABLE_DEBUG_INFO = INCLUDE_SOURCE;
				MTL_FAST_MATH = YES;
				ONLY_ACTIVE_ARCH = YES;
				SDKROOT = iphoneos;
				SWIFT_ACTIVE_COMPILATION_CONDITIONS = DEBUG;
				SWIFT_OPTIMIZATION_LEVEL = "-Onone";
			};
			name = Debug;
		};
		95C4538F27C51788005441DD /* Release */ = {
			isa = XCBuildConfiguration;
			buildSettings = {
				ALWAYS_SEARCH_USER_PATHS = NO;
				CLANG_ANALYZER_NONNULL = YES;
				CLANG_ANALYZER_NUMBER_OBJECT_CONVERSION = YES_AGGRESSIVE;
				CLANG_CXX_LANGUAGE_STANDARD = "gnu++17";
				CLANG_CXX_LIBRARY = "libc++";
				CLANG_ENABLE_MODULES = YES;
				CLANG_ENABLE_OBJC_ARC = YES;
				CLANG_ENABLE_OBJC_WEAK = YES;
				CLANG_WARN_BLOCK_CAPTURE_AUTORELEASING = YES;
				CLANG_WARN_BOOL_CONVERSION = YES;
				CLANG_WARN_COMMA = YES;
				CLANG_WARN_CONSTANT_CONVERSION = YES;
				CLANG_WARN_DEPRECATED_OBJC_IMPLEMENTATIONS = YES;
				CLANG_WARN_DIRECT_OBJC_ISA_USAGE = YES_ERROR;
				CLANG_WARN_DOCUMENTATION_COMMENTS = YES;
				CLANG_WARN_EMPTY_BODY = YES;
				CLANG_WARN_ENUM_CONVERSION = YES;
				CLANG_WARN_INFINITE_RECURSION = YES;
				CLANG_WARN_INT_CONVERSION = YES;
				CLANG_WARN_NON_LITERAL_NULL_CONVERSION = YES;
				CLANG_WARN_OBJC_IMPLICIT_RETAIN_SELF = YES;
				CLANG_WARN_OBJC_LITERAL_CONVERSION = YES;
				CLANG_WARN_OBJC_ROOT_CLASS = YES_ERROR;
				CLANG_WARN_QUOTED_INCLUDE_IN_FRAMEWORK_HEADER = YES;
				CLANG_WARN_RANGE_LOOP_ANALYSIS = YES;
				CLANG_WARN_STRICT_PROTOTYPES = YES;
				CLANG_WARN_SUSPICIOUS_MOVE = YES;
				CLANG_WARN_UNGUARDED_AVAILABILITY = YES_AGGRESSIVE;
				CLANG_WARN_UNREACHABLE_CODE = YES;
				CLANG_WARN__DUPLICATE_METHOD_MATCH = YES;
				COPY_PHASE_STRIP = NO;
				DEBUG_INFORMATION_FORMAT = "dwarf-with-dsym";
				ENABLE_NS_ASSERTIONS = NO;
				ENABLE_STRICT_OBJC_MSGSEND = YES;
				GCC_C_LANGUAGE_STANDARD = gnu11;
				GCC_NO_COMMON_BLOCKS = YES;
				GCC_WARN_64_TO_32_BIT_CONVERSION = YES;
				GCC_WARN_ABOUT_RETURN_TYPE = YES_ERROR;
				GCC_WARN_UNDECLARED_SELECTOR = YES;
				GCC_WARN_UNINITIALIZED_AUTOS = YES_AGGRESSIVE;
				GCC_WARN_UNUSED_FUNCTION = YES;
				GCC_WARN_UNUSED_VARIABLE = YES;
				IPHONEOS_DEPLOYMENT_TARGET = 15.2;
				MTL_ENABLE_DEBUG_INFO = NO;
				MTL_FAST_MATH = YES;
				SDKROOT = iphoneos;
				SWIFT_COMPILATION_MODE = wholemodule;
				SWIFT_OPTIMIZATION_LEVEL = "-O";
				VALIDATE_PRODUCT = YES;
			};
			name = Release;
		};
		95C4539127C51788005441DD /* Debug */ = {
			isa = XCBuildConfiguration;
			buildSettings = {
				ASSETCATALOG_COMPILER_APPICON_NAME = AppIcon;
				ASSETCATALOG_COMPILER_GLOBAL_ACCENT_COLOR_NAME = AccentColor;
				CODE_SIGN_STYLE = Automatic;
				CURRENT_PROJECT_VERSION = 1;
				DEVELOPMENT_ASSET_PATHS = "\"Edvora-iOS-First-Round/Preview Content\"";
				DEVELOPMENT_TEAM = 8HB4M5YG35;
				ENABLE_PREVIEWS = YES;
				GENERATE_INFOPLIST_FILE = YES;
				INFOPLIST_FILE = "Edvora-iOS-First-Round/Info.plist";
				INFOPLIST_KEY_UIApplicationSceneManifest_Generation = YES;
				INFOPLIST_KEY_UIApplicationSupportsIndirectInputEvents = YES;
				INFOPLIST_KEY_UILaunchScreen_Generation = YES;
				INFOPLIST_KEY_UISupportedInterfaceOrientations_iPad = "UIInterfaceOrientationPortrait UIInterfaceOrientationPortraitUpsideDown UIInterfaceOrientationLandscapeLeft UIInterfaceOrientationLandscapeRight";
				INFOPLIST_KEY_UISupportedInterfaceOrientations_iPhone = "UIInterfaceOrientationPortrait UIInterfaceOrientationLandscapeLeft UIInterfaceOrientationLandscapeRight";
				LD_RUNPATH_SEARCH_PATHS = (
					"$(inherited)",
					"@executable_path/Frameworks",
				);
				MARKETING_VERSION = 1.0;
				PRODUCT_BUNDLE_IDENTIFIER = "com.duncankent.Edvora-iOS-First-Round";
				PRODUCT_NAME = "$(TARGET_NAME)";
				SWIFT_EMIT_LOC_STRINGS = YES;
				SWIFT_VERSION = 5.0;
				TARGETED_DEVICE_FAMILY = "1,2";
			};
			name = Debug;
		};
		95C4539227C51788005441DD /* Release */ = {
			isa = XCBuildConfiguration;
			buildSettings = {
				ASSETCATALOG_COMPILER_APPICON_NAME = AppIcon;
				ASSETCATALOG_COMPILER_GLOBAL_ACCENT_COLOR_NAME = AccentColor;
				CODE_SIGN_STYLE = Automatic;
				CURRENT_PROJECT_VERSION = 1;
				DEVELOPMENT_ASSET_PATHS = "\"Edvora-iOS-First-Round/Preview Content\"";
				DEVELOPMENT_TEAM = 8HB4M5YG35;
				ENABLE_PREVIEWS = YES;
				GENERATE_INFOPLIST_FILE = YES;
				INFOPLIST_FILE = "Edvora-iOS-First-Round/Info.plist";
				INFOPLIST_KEY_UIApplicationSceneManifest_Generation = YES;
				INFOPLIST_KEY_UIApplicationSupportsIndirectInputEvents = YES;
				INFOPLIST_KEY_UILaunchScreen_Generation = YES;
				INFOPLIST_KEY_UISupportedInterfaceOrientations_iPad = "UIInterfaceOrientationPortrait UIInterfaceOrientationPortraitUpsideDown UIInterfaceOrientationLandscapeLeft UIInterfaceOrientationLandscapeRight";
				INFOPLIST_KEY_UISupportedInterfaceOrientations_iPhone = "UIInterfaceOrientationPortrait UIInterfaceOrientationLandscapeLeft UIInterfaceOrientationLandscapeRight";
				LD_RUNPATH_SEARCH_PATHS = (
					"$(inherited)",
					"@executable_path/Frameworks",
				);
				MARKETING_VERSION = 1.0;
				PRODUCT_BUNDLE_IDENTIFIER = "com.duncankent.Edvora-iOS-First-Round";
				PRODUCT_NAME = "$(TARGET_NAME)";
				SWIFT_EMIT_LOC_STRINGS = YES;
				SWIFT_VERSION = 5.0;
				TARGETED_DEVICE_FAMILY = "1,2";
			};
			name = Release;
		};
/* End XCBuildConfiguration section */

/* Begin XCConfigurationList section */
		95C4537D27C51787005441DD /* Build configuration list for PBXProject "Edvora-iOS-First-Round" */ = {
			isa = XCConfigurationList;
			buildConfigurations = (
				95C4538E27C51788005441DD /* Debug */,
				95C4538F27C51788005441DD /* Release */,
			);
			defaultConfigurationIsVisible = 0;
			defaultConfigurationName = Release;
		};
		95C4539027C51788005441DD /* Build configuration list for PBXNativeTarget "Edvora-iOS-First-Round" */ = {
			isa = XCConfigurationList;
			buildConfigurations = (
				95C4539127C51788005441DD /* Debug */,
				95C4539227C51788005441DD /* Release */,
			);
			defaultConfigurationIsVisible = 0;
			defaultConfigurationName = Release;
		};
/* End XCConfigurationList section */
	};
	rootObject = 95C4537A27C51787005441DD /* Project object */;
}
